{
  "name": "ukrstene-reci",
  "version": "0.0.0",
  "lockfileVersion": 3,
  "requires": true,
  "packages": {
    "": {
      "name": "ukrstene-reci",
      "version": "0.0.0",
      "workspaces": [
        "backend",
        "mobile"
      ]
    },
    "backend": {
      "name": "@ukrstene/backend",
      "version": "0.0.0"
    },
    "mobile": {
      "name": "@ukrstene/mobile",
      "version": "0.0.0"
    },
    "node_modules/@ukrstene/backend": {
      "resolved": "backend",
      "link": true
    },
    "node_modules/@ukrstene/mobile": {
      "resolved": "mobile",
      "link": true
    }
  }
}
